
Microsoft Visual Studio Solution File, Format Version 12.00
# Visual Studio 15
VisualStudioVersion = 15.0.27428.2015
MinimumVisualStudioVersion = 10.0.40219.1
Project("{FAE04EC0-301F-11D3-BF4B-00C04F79EFBC}") = "RassiCements LTD", "RassiCements LTD\RassiCements LTD.csproj", "{81317205-36A9-4E40-8697-B08747F0C98C}"
EndProject
Global
	GlobalSection(SolutionConfigurationPlatforms) = preSolution
		Debug|Any CPU = Debug|Any CPU
		Release|Any CPU = Release|Any CPU
	EndGlobalSection
	GlobalSection(ProjectConfigurationPlatforms) = postSolution
		{81317205-36A9-4E40-8697-B08747F0C98C}.Debug|Any CPU.ActiveCfg = Debug|Any CPU
		{81317205-36A9-4E40-8697-B08747F0C98C}.Debug|Any CPU.Build.0 = Debug|Any CPU
		{81317205-36A9-4E40-8697-B08747F0C98C}.Release|Any CPU.ActiveCfg = Release|Any CPU
		{81317205-36A9-4E40-8697-B08747F0C98C}.Release|Any CPU.Build.0 = Release|Any CPU
	EndGlobalSection
	GlobalSection(SolutionProperties) = preSolution
		HideSolutionNode = FALSE
	EndGlobalSection
	GlobalSection(ExtensibilityGlobals) = postSolution
		SolutionGuid = {C2F71F41-5A8C-44E3-AF40-1AD3E39C2411}
	EndGlobalSection
EndGlobal
